
Microsoft Visual Studio Solution File, Format Version 12.00
# Visual Studio 15
VisualStudioVersion = 15.0.26014.0
MinimumVisualStudioVersion = 10.0.40219.1
Project("{FAE04EC0-301F-11D3-BF4B-00C04F79EFBC}") = "Addressbook.Web", "Addressbook.Web\Addressbook.Web.csproj", "{6B2842CD-E0CE-4EEC-B7F5-938C775A59BD}"
EndProject
Project("{FAE04EC0-301F-11D3-BF4B-00C04F79EFBC}") = "Addressbook.Tests", "Addressbook.Tests\Addressbook.Tests.csproj", "{5CA95CA1-775E-4AAF-B008-6DE457C3753B}"
EndProject
Project("{FAE04EC0-301F-11D3-BF4B-00C04F79EFBC}") = "Addressbook.Core", "Addressbook.Core\Addressbook.Core.csproj", "{7A79E9AF-282D-4557-8CE0-D35C0ACA84F0}"
EndProject
Project("{FAE04EC0-301F-11D3-BF4B-00C04F79EFBC}") = "Addressbook.Infrastructure", "Addressbook.Infrastructure\Addressbook.Infrastructure.csproj", "{70EA1033-AC35-4D62-8DAD-999681F66391}"
EndProject
Global
	GlobalSection(SolutionConfigurationPlatforms) = preSolution
		Debug|Any CPU = Debug|Any CPU
		Release|Any CPU = Release|Any CPU
	EndGlobalSection
	GlobalSection(ProjectConfigurationPlatforms) = postSolution
		{6B2842CD-E0CE-4EEC-B7F5-938C775A59BD}.Debug|Any CPU.ActiveCfg = Debug|Any CPU
		{6B2842CD-E0CE-4EEC-B7F5-938C775A59BD}.Debug|Any CPU.Build.0 = Debug|Any CPU
		{6B2842CD-E0CE-4EEC-B7F5-938C775A59BD}.Release|Any CPU.ActiveCfg = Release|Any CPU
		{6B2842CD-E0CE-4EEC-B7F5-938C775A59BD}.Release|Any CPU.Build.0 = Release|Any CPU
		{5CA95CA1-775E-4AAF-B008-6DE457C3753B}.Debug|Any CPU.ActiveCfg = Debug|Any CPU
		{5CA95CA1-775E-4AAF-B008-6DE457C3753B}.Debug|Any CPU.Build.0 = Debug|Any CPU
		{5CA95CA1-775E-4AAF-B008-6DE457C3753B}.Release|Any CPU.ActiveCfg = Release|Any CPU
		{5CA95CA1-775E-4AAF-B008-6DE457C3753B}.Release|Any CPU.Build.0 = Release|Any CPU
		{7A79E9AF-282D-4557-8CE0-D35C0ACA84F0}.Debug|Any CPU.ActiveCfg = Debug|Any CPU
		{7A79E9AF-282D-4557-8CE0-D35C0ACA84F0}.Debug|Any CPU.Build.0 = Debug|Any CPU
		{7A79E9AF-282D-4557-8CE0-D35C0ACA84F0}.Release|Any CPU.ActiveCfg = Release|Any CPU
		{7A79E9AF-282D-4557-8CE0-D35C0ACA84F0}.Release|Any CPU.Build.0 = Release|Any CPU
		{70EA1033-AC35-4D62-8DAD-999681F66391}.Debug|Any CPU.ActiveCfg = Debug|Any CPU
		{70EA1033-AC35-4D62-8DAD-999681F66391}.Debug|Any CPU.Build.0 = Debug|Any CPU
		{70EA1033-AC35-4D62-8DAD-999681F66391}.Release|Any CPU.ActiveCfg = Release|Any CPU
		{70EA1033-AC35-4D62-8DAD-999681F66391}.Release|Any CPU.Build.0 = Release|Any CPU
	EndGlobalSection
	GlobalSection(SolutionProperties) = preSolution
		HideSolutionNode = FALSE
	EndGlobalSection
EndGlobal
